<?xml version="1.0" encoding="utf-8"?>
<Project ToolsVersion="4.0" xmlns="http://schemas.microsoft.com/developer/msbuild/2003">
  <ItemGroup>
    <ApplicationDefinition Include="App.xaml" />
  </ItemGroup>
  <ItemGroup>
    <Page Include="MainPage.xaml" />
  </ItemGroup>
  <ItemGroup>
    <Midl Include="App.idl" />
    <Midl Include="MainPage.idl" />
  </ItemGroup>
  <ItemGroup>
    <ClCompile Include="pch.cpp" />
    <ClCompile Include="App.cpp" />
    <ClCompile Include="MainPage.cpp" />
    <ClCompile Include="$(GeneratedFilesDir)module.g.cpp" />
    <ClCompile Include="DeviceResources.cpp" />
    <ClCompile Include="ModelerMain.cpp" />
    <ClCompile Include="Renderer.cpp">
      <Filter>Rendering</Filter>
    </ClCompile>
    <ClCompile Include="Camera.cpp">
      <Filter>Rendering</Filter>
    </ClCompile>
    <ClCompile Include="Simulation.cpp">
      <Filter>Simulation</Filter>
    </ClCompile>
    <ClCompile Include="MathHelper.cpp">
      <Filter>Utils</Filter>
    </ClCompile>
  </ItemGroup>
  <ItemGroup>
    <ClInclude Include="pch.h" />
    <ClInclude Include="DeviceResources.h" />
    <ClInclude Include="DirectXHelper.h" />
    <ClInclude Include="ModelerMain.h" />
    <ClInclude Include="ModelerUIControl.h" />
    <ClInclude Include="Renderer.h">
      <Filter>Rendering</Filter>
    </ClInclude>
    <ClInclude Include="InputLayout.h">
      <Filter>Rendering</Filter>
    </ClInclude>
    <ClInclude Include="Shaders.h">
      <Filter>Rendering</Filter>
    </ClInclude>
    <ClInclude Include="RasterizerState.h">
      <Filter>Rendering</Filter>
    </ClInclude>
    <ClInclude Include="BlendState.h">
      <Filter>Rendering</Filter>
    </ClInclude>
    <ClInclude Include="DepthStencilState.h">
      <Filter>Rendering</Filter>
    </ClInclude>
    <ClInclude Include="ConstantBufferArray.h">
      <Filter>Rendering</Filter>
    </ClInclude>
    <ClInclude Include="PipelineConfig.h">
      <Filter>Rendering</Filter>
    </ClInclude>
    <ClInclude Include="MeshSet.h">
      <Filter>Rendering</Filter>
    </ClInclude>
    <ClInclude Include="RenderObjectList.h">
      <Filter>Rendering</Filter>
    </ClInclude>
    <ClInclude Include="Camera.h">
      <Filter>Rendering</Filter>
    </ClInclude>
    <ClInclude Include="Simulation.h">
      <Filter>Simulation</Filter>
    </ClInclude>
    <ClInclude Include="Structs.h">
      <Filter>Rendering</Filter>
    </ClInclude>
    <ClInclude Include="MathHelper.h">
      <Filter>Utils</Filter>
    </ClInclude>
    <ClInclude Include="Timer.h">
      <Filter>Utils</Filter>
    </ClInclude>
  </ItemGroup>
  <ItemGroup>
    <Image Include="Assets\Wide310x150Logo.scale-200.png">
      <Filter>Assets</Filter>
    </Image>
    <Image Include="Assets\StoreLogo.png">
      <Filter>Assets</Filter>
    </Image>
    <Image Include="Assets\Square150x150Logo.scale-200.png">
      <Filter>Assets</Filter>
    </Image>
    <Image Include="Assets\Square44x44Logo.targetsize-24_altform-unplated.png">
      <Filter>Assets</Filter>
    </Image>
    <Image Include="Assets\Square44x44Logo.scale-200.png">
      <Filter>Assets</Filter>
    </Image>
    <Image Include="Assets\SplashScreen.scale-200.png">
      <Filter>Assets</Filter>
    </Image>
    <Image Include="Assets\LockScreenLogo.scale-200.png">
      <Filter>Assets</Filter>
    </Image>
  </ItemGroup>
  <ItemGroup>
    <AppxManifest Include="Package.appxmanifest" />
  </ItemGroup>
  <ItemGroup>
    <Filter Include="Assets">
      <UniqueIdentifier>{e48dc53e-40b1-40cb-970a-f89935452892}</UniqueIdentifier>
    </Filter>
    <Filter Include="Rendering">
      <UniqueIdentifier>{669390b2-8317-45e4-9edd-c715d93b2733}</UniqueIdentifier>
    </Filter>
    <Filter Include="Rendering\Shaders">
      <UniqueIdentifier>{ce985f00-38c7-4a55-8276-6bf542c056ee}</UniqueIdentifier>
    </Filter>
    <Filter Include="Simulation">
      <UniqueIdentifier>{9bd8293e-36dc-449e-9394-cf382f66ad98}</UniqueIdentifier>
    </Filter>
    <Filter Include="Utils">
      <UniqueIdentifier>{387280b8-ee02-47a1-95b0-7eea00e76ee4}</UniqueIdentifier>
    </Filter>
  </ItemGroup>
  <ItemGroup>
    <None Include="PropertySheet.props" />
    <None Include="packages.config" />
    <None Include="Lighting.hlsli">
      <Filter>Rendering\Shaders</Filter>
    </None>
  </ItemGroup>
  <ItemGroup>
    <Text Include="readme.txt" />
  </ItemGroup>
  <ItemGroup>
    <FxCompile Include="BoxVertexShader.hlsl">
      <Filter>Rendering\Shaders</Filter>
    </FxCompile>
    <FxCompile Include="BoxPixelShader.hlsl">
      <Filter>Rendering\Shaders</Filter>
    </FxCompile>
    <FxCompile Include="VertexShaderInstanced.hlsl">
      <Filter>Rendering\Shaders</Filter>
    </FxCompile>
    <FxCompile Include="PixelShaderInstanced.hlsl">
      <Filter>Rendering\Shaders</Filter>
    </FxCompile>
  </ItemGroup>
</Project>